
Microsoft Visual Studio Solution File, Format Version 12.00
# Visual Studio Version 17
VisualStudioVersion = 17.5.33530.505
MinimumVisualStudioVersion = 10.0.40219.1
Project("{9A19103F-16F7-4668-BE54-9A1E7A4F7556}") = "WebAPI", "WebAPI\WebAPI.csproj", "{32275C2A-5150-4FF0-A9CE-5BE5A513D222}"
EndProject
Project("{9A19103F-16F7-4668-BE54-9A1E7A4F7556}") = "WebCommon", "WebCommon\WebCommon.csproj", "{982CA1F9-EA68-41C8-B808-DC593896FD22}"
EndProject
Project("{9A19103F-16F7-4668-BE54-9A1E7A4F7556}") = "WebModel", "WebModel\WebModel.csproj", "{6E40D6FF-C87B-46A2-A1A1-6C760D47B17D}"
EndProject
Project("{9A19103F-16F7-4668-BE54-9A1E7A4F7556}") = "RechargeService", "RechargeService\RechargeService.csproj", "{2E231CDA-9D0A-4C90-B8A0-39D24A1CA101}"
EndProject
Project("{9A19103F-16F7-4668-BE54-9A1E7A4F7556}") = "ServerSigninService", "ServerSigninService\ServerSigninService.csproj", "{6E04AE4C-D6BA-4781-AE34-ECE01233E2DC}"
EndProject
Project("{9A19103F-16F7-4668-BE54-9A1E7A4F7556}") = "UpdateAt0amService", "UpdateAt0amService\UpdateAt0amService.csproj", "{7190FDF2-8FDD-4196-93FD-CBF35A5865B2}"
EndProject
Project("{9A19103F-16F7-4668-BE54-9A1E7A4F7556}") = "LogRegService", "LogRegService\LogRegService.csproj", "{F2F27BEE-45C2-4B10-8801-8835C8DBEA98}"
EndProject
Project("{9A19103F-16F7-4668-BE54-9A1E7A4F7556}") = "ServerInformation", "ServerInformation\ServerInformation.csproj", "{6C6CB40D-9469-48E9-AFDD-DAF9591307C8}"
EndProject
Project("{FAE04EC0-301F-11D3-BF4B-00C04F79EFBC}") = "QueryAllUsersService", "QueryAllUsersService\QueryAllUsersService.csproj", "{83F6F154-A550-41C0-8F98-205DDF4F883C}"
EndProject
Global
	GlobalSection(SolutionConfigurationPlatforms) = preSolution
		Debug|Any CPU = Debug|Any CPU
		Release|Any CPU = Release|Any CPU
	EndGlobalSection
	GlobalSection(ProjectConfigurationPlatforms) = postSolution
		{32275C2A-5150-4FF0-A9CE-5BE5A513D222}.Debug|Any CPU.ActiveCfg = Debug|Any CPU
		{32275C2A-5150-4FF0-A9CE-5BE5A513D222}.Debug|Any CPU.Build.0 = Debug|Any CPU
		{32275C2A-5150-4FF0-A9CE-5BE5A513D222}.Release|Any CPU.ActiveCfg = Release|Any CPU
		{32275C2A-5150-4FF0-A9CE-5BE5A513D222}.Release|Any CPU.Build.0 = Release|Any CPU
		{982CA1F9-EA68-41C8-B808-DC593896FD22}.Debug|Any CPU.ActiveCfg = Debug|Any CPU
		{982CA1F9-EA68-41C8-B808-DC593896FD22}.Debug|Any CPU.Build.0 = Debug|Any CPU
		{982CA1F9-EA68-41C8-B808-DC593896FD22}.Release|Any CPU.ActiveCfg = Release|Any CPU
		{982CA1F9-EA68-41C8-B808-DC593896FD22}.Release|Any CPU.Build.0 = Release|Any CPU
		{6E40D6FF-C87B-46A2-A1A1-6C760D47B17D}.Debug|Any CPU.ActiveCfg = Debug|Any CPU
		{6E40D6FF-C87B-46A2-A1A1-6C760D47B17D}.Debug|Any CPU.Build.0 = Debug|Any CPU
		{6E40D6FF-C87B-46A2-A1A1-6C760D47B17D}.Release|Any CPU.ActiveCfg = Release|Any CPU
		{6E40D6FF-C87B-46A2-A1A1-6C760D47B17D}.Release|Any CPU.Build.0 = Release|Any CPU
		{2E231CDA-9D0A-4C90-B8A0-39D24A1CA101}.Debug|Any CPU.ActiveCfg = Debug|Any CPU
		{2E231CDA-9D0A-4C90-B8A0-39D24A1CA101}.Debug|Any CPU.Build.0 = Debug|Any CPU
		{2E231CDA-9D0A-4C90-B8A0-39D24A1CA101}.Release|Any CPU.ActiveCfg = Release|Any CPU
		{2E231CDA-9D0A-4C90-B8A0-39D24A1CA101}.Release|Any CPU.Build.0 = Release|Any CPU
		{6E04AE4C-D6BA-4781-AE34-ECE01233E2DC}.Debug|Any CPU.ActiveCfg = Debug|Any CPU
		{6E04AE4C-D6BA-4781-AE34-ECE01233E2DC}.Debug|Any CPU.Build.0 = Debug|Any CPU
		{6E04AE4C-D6BA-4781-AE34-ECE01233E2DC}.Release|Any CPU.ActiveCfg = Release|Any CPU
		{6E04AE4C-D6BA-4781-AE34-ECE01233E2DC}.Release|Any CPU.Build.0 = Release|Any CPU
		{7190FDF2-8FDD-4196-93FD-CBF35A5865B2}.Debug|Any CPU.ActiveCfg = Debug|Any CPU
		{7190FDF2-8FDD-4196-93FD-CBF35A5865B2}.Debug|Any CPU.Build.0 = Debug|Any CPU
		{7190FDF2-8FDD-4196-93FD-CBF35A5865B2}.Release|Any CPU.ActiveCfg = Release|Any CPU
		{7190FDF2-8FDD-4196-93FD-CBF35A5865B2}.Release|Any CPU.Build.0 = Release|Any CPU
		{F2F27BEE-45C2-4B10-8801-8835C8DBEA98}.Debug|Any CPU.ActiveCfg = Debug|Any CPU
		{F2F27BEE-45C2-4B10-8801-8835C8DBEA98}.Debug|Any CPU.Build.0 = Debug|Any CPU
		{F2F27BEE-45C2-4B10-8801-8835C8DBEA98}.Release|Any CPU.ActiveCfg = Release|Any CPU
		{F2F27BEE-45C2-4B10-8801-8835C8DBEA98}.Release|Any CPU.Build.0 = Release|Any CPU
		{6C6CB40D-9469-48E9-AFDD-DAF9591307C8}.Debug|Any CPU.ActiveCfg = Debug|Any CPU
		{6C6CB40D-9469-48E9-AFDD-DAF9591307C8}.Debug|Any CPU.Build.0 = Debug|Any CPU
		{6C6CB40D-9469-48E9-AFDD-DAF9591307C8}.Release|Any CPU.ActiveCfg = Release|Any CPU
		{6C6CB40D-9469-48E9-AFDD-DAF9591307C8}.Release|Any CPU.Build.0 = Release|Any CPU
		{83F6F154-A550-41C0-8F98-205DDF4F883C}.Debug|Any CPU.ActiveCfg = Debug|Any CPU
		{83F6F154-A550-41C0-8F98-205DDF4F883C}.Debug|Any CPU.Build.0 = Debug|Any CPU
		{83F6F154-A550-41C0-8F98-205DDF4F883C}.Release|Any CPU.ActiveCfg = Release|Any CPU
		{83F6F154-A550-41C0-8F98-205DDF4F883C}.Release|Any CPU.Build.0 = Release|Any CPU
	EndGlobalSection
	GlobalSection(SolutionProperties) = preSolution
		HideSolutionNode = FALSE
	EndGlobalSection
	GlobalSection(ExtensibilityGlobals) = postSolution
		SolutionGuid = {46B99957-3382-4459-BF08-E00A3B118E14}
	EndGlobalSection
EndGlobal
